
Microsoft Visual Studio Solution File, Format Version 12.00
# Visual Studio Version 16
VisualStudioVersion = 16.0.29009.5
MinimumVisualStudioVersion = 10.0.40219.1
Project("{9092AA53-FB77-4645-B42D-1CCCA6BD08BD}") = "WhereAmI", "WhereAmI\WhereAmI.njsproj", "{BDFC5088-CD7D-4BE5-A176-284724DBE0EA}"
EndProject
Global
	GlobalSection(SolutionConfigurationPlatforms) = preSolution
		Debug|Any CPU = Debug|Any CPU
		Release|Any CPU = Release|Any CPU
	EndGlobalSection
	GlobalSection(ProjectConfigurationPlatforms) = postSolution
		{BDFC5088-CD7D-4BE5-A176-284724DBE0EA}.Debug|Any CPU.ActiveCfg = Debug|Any CPU
		{BDFC5088-CD7D-4BE5-A176-284724DBE0EA}.Debug|Any CPU.Build.0 = Debug|Any CPU
		{BDFC5088-CD7D-4BE5-A176-284724DBE0EA}.Release|Any CPU.ActiveCfg = Release|Any CPU
		{BDFC5088-CD7D-4BE5-A176-284724DBE0EA}.Release|Any CPU.Build.0 = Release|Any CPU
	EndGlobalSection
	GlobalSection(SolutionProperties) = preSolution
		HideSolutionNode = FALSE
	EndGlobalSection
	GlobalSection(ExtensibilityGlobals) = postSolution
		SolutionGuid = {4D66D7B4-BEBB-4726-AABA-595AD66119AD}
	EndGlobalSection
EndGlobal
